
Microsoft Visual Studio Solution File, Format Version 12.00
# Visual Studio Version 17
VisualStudioVersion = 17.14.36518.9 d17.14
MinimumVisualStudioVersion = 10.0.40219.1
Project("{FAE04EC0-301F-11D3-BF4B-00C04F79EFBC}") = "app", "app\app.csproj", "{84E79F7E-DD01-4A1B-B755-9DA8621593FF}"
EndProject
Global
	GlobalSection(SolutionConfigurationPlatforms) = preSolution
		Debug|Any CPU = Debug|Any CPU
		Release|Any CPU = Release|Any CPU
	EndGlobalSection
	GlobalSection(ProjectConfigurationPlatforms) = postSolution
		{84E79F7E-DD01-4A1B-B755-9DA8621593FF}.Debug|Any CPU.ActiveCfg = Debug|Any CPU
		{84E79F7E-DD01-4A1B-B755-9DA8621593FF}.Debug|Any CPU.Build.0 = Debug|Any CPU
		{84E79F7E-DD01-4A1B-B755-9DA8621593FF}.Release|Any CPU.ActiveCfg = Release|Any CPU
		{84E79F7E-DD01-4A1B-B755-9DA8621593FF}.Release|Any CPU.Build.0 = Release|Any CPU
	EndGlobalSection
	GlobalSection(SolutionProperties) = preSolution
		HideSolutionNode = FALSE
	EndGlobalSection
	GlobalSection(ExtensibilityGlobals) = postSolution
		SolutionGuid = {658E87EF-3AE5-4741-91EE-A8DCA2A6A1F3}
	EndGlobalSection
EndGlobal
